{
  "requires": true,
  "lockfileVersion": 1,
  "dependencies": {
    "types-registry": {
      "version": "0.1.460",
      "resolved": "https://registry.npmjs.org/types-registry/-/types-registry-0.1.460.tgz",
      "integrity": "sha512-8/Lk9fSFbM/m8H1kdv1C7lrBeHma0u71ip2tSo0d/al3SV7hKeJKqtUAVyD/CKehrornFGanqepJbsVvtI3P6A=="
    }
  }
}
